
Microsoft Visual Studio Solution File, Format Version 12.00
# Visual Studio Version 17
VisualStudioVersion = 17.14.36414.22
MinimumVisualStudioVersion = 10.0.40219.1
Project("{FAE04EC0-301F-11D3-BF4B-00C04F79EFBC}") = "Adbms_project", "Adbms_project\Adbms_project.csproj", "{CD3764C3-F773-4308-BD1E-10528E19F3A1}"
EndProject
Global
	GlobalSection(SolutionConfigurationPlatforms) = preSolution
		Debug|Any CPU = Debug|Any CPU
		Release|Any CPU = Release|Any CPU
	EndGlobalSection
	GlobalSection(ProjectConfigurationPlatforms) = postSolution
		{CD3764C3-F773-4308-BD1E-10528E19F3A1}.Debug|Any CPU.ActiveCfg = Debug|Any CPU
		{CD3764C3-F773-4308-BD1E-10528E19F3A1}.Debug|Any CPU.Build.0 = Debug|Any CPU
		{CD3764C3-F773-4308-BD1E-10528E19F3A1}.Release|Any CPU.ActiveCfg = Release|Any CPU
		{CD3764C3-F773-4308-BD1E-10528E19F3A1}.Release|Any CPU.Build.0 = Release|Any CPU
	EndGlobalSection
	GlobalSection(SolutionProperties) = preSolution
		HideSolutionNode = FALSE
	EndGlobalSection
	GlobalSection(ExtensibilityGlobals) = postSolution
		SolutionGuid = {D8116E9B-A45E-4889-A583-B351C9E5F99B}
	EndGlobalSection
EndGlobal
